
Microsoft Visual Studio Solution File, Format Version 12.00
# Visual Studio Version 17
VisualStudioVersion = 17.9.34723.18
MinimumVisualStudioVersion = 10.0.40219.1
Project("{FAE04EC0-301F-11D3-BF4B-00C04F79EFBC}") = "TeyvatTravels", "TeyvatTravels.csproj", "{49FDCE21-D7F5-4C99-82A9-808E2EC4A158}"
EndProject
Global
	GlobalSection(SolutionConfigurationPlatforms) = preSolution
		Debug|Any CPU = Debug|Any CPU
		Release|Any CPU = Release|Any CPU
	EndGlobalSection
	GlobalSection(ProjectConfigurationPlatforms) = postSolution
		{49FDCE21-D7F5-4C99-82A9-808E2EC4A158}.Debug|Any CPU.ActiveCfg = Debug|Any CPU
		{49FDCE21-D7F5-4C99-82A9-808E2EC4A158}.Debug|Any CPU.Build.0 = Debug|Any CPU
		{49FDCE21-D7F5-4C99-82A9-808E2EC4A158}.Release|Any CPU.ActiveCfg = Release|Any CPU
		{49FDCE21-D7F5-4C99-82A9-808E2EC4A158}.Release|Any CPU.Build.0 = Release|Any CPU
	EndGlobalSection
	GlobalSection(SolutionProperties) = preSolution
		HideSolutionNode = FALSE
	EndGlobalSection
	GlobalSection(ExtensibilityGlobals) = postSolution
		SolutionGuid = {5D8C1CCF-DB9A-4906-B9D7-5F282E204396}
	EndGlobalSection
EndGlobal
